
Microsoft Visual Studio Solution File, Format Version 12.00
# Visual Studio Version 17
VisualStudioVersion = 17.6.33815.320
MinimumVisualStudioVersion = 10.0.40219.1
Project("{FAE04EC0-301F-11D3-BF4B-00C04F79EFBC}") = "TLC", "TLC\TLC.csproj", "{8640D4C3-B8F0-4316-8882-8068549C2435}"
EndProject
Project("{FAE04EC0-301F-11D3-BF4B-00C04F79EFBC}") = "TLC_G", "..\TLC_G\TLC_G\TLC_G.csproj", "{385F10DF-A00C-4547-8730-FFDE7F98655D}"
EndProject
Global
	GlobalSection(SolutionConfigurationPlatforms) = preSolution
		Debug|Any CPU = Debug|Any CPU
		Release|Any CPU = Release|Any CPU
	EndGlobalSection
	GlobalSection(ProjectConfigurationPlatforms) = postSolution
		{8640D4C3-B8F0-4316-8882-8068549C2435}.Debug|Any CPU.ActiveCfg = Debug|Any CPU
		{8640D4C3-B8F0-4316-8882-8068549C2435}.Debug|Any CPU.Build.0 = Debug|Any CPU
		{8640D4C3-B8F0-4316-8882-8068549C2435}.Release|Any CPU.ActiveCfg = Release|Any CPU
		{8640D4C3-B8F0-4316-8882-8068549C2435}.Release|Any CPU.Build.0 = Release|Any CPU
		{385F10DF-A00C-4547-8730-FFDE7F98655D}.Debug|Any CPU.ActiveCfg = Debug|Any CPU
		{385F10DF-A00C-4547-8730-FFDE7F98655D}.Debug|Any CPU.Build.0 = Debug|Any CPU
		{385F10DF-A00C-4547-8730-FFDE7F98655D}.Release|Any CPU.ActiveCfg = Release|Any CPU
		{385F10DF-A00C-4547-8730-FFDE7F98655D}.Release|Any CPU.Build.0 = Release|Any CPU
	EndGlobalSection
	GlobalSection(SolutionProperties) = preSolution
		HideSolutionNode = FALSE
	EndGlobalSection
	GlobalSection(ExtensibilityGlobals) = postSolution
		SolutionGuid = {3C29FB6C-B33D-449F-BC74-C4173C4210D1}
	EndGlobalSection
EndGlobal
